PODS:
  - GPUImage (0.1.7)
  - Masonry (1.1.0)

DEPENDENCIES:
  - GPUImage
  - Masonry

SPEC REPOS:
  https://github.com/CocoaPods/Specs.git:
    - GPUImage
    - Masonry

SPEC CHECKSUMS:
  GPUImage: 733a5f0fab92df9de1c37ba9df520a833ccb406d
  Masonry: 678fab65091a9290e40e2832a55e7ab731aad201

PODFILE CHECKSUM: 4617b794efe0a2b0cf742bfe8249d813306f0750

COCOAPODS: 1.8.4
