// !$*UTF8*$!
{
	archiveVersion = 1;
	classes = {
	};
	objectVersion = 51;
	objects = {

/* Begin PBXBuildFile section */
		5D365665247A054E008EA766 /* CCWVideoFilterAdapter.mm in Sources */ = {isa = PBXBuildFile; fileRef = 5D365664247A054E008EA766 /* CCWVideoFilterAdapter.mm */; };
		5D365668247A0772008EA766 /* CCWVideoSharedContext.m in Sources */ = {isa = PBXBuildFile; fileRef = 5D365667247A0772008EA766 /* CCWVideoSharedContext.m */; };
		5D36566A247A2731008EA766 /* VertexShader.vsh in Resources */ = {isa = PBXBuildFile; fileRef = 5D365669247A2731008EA766 /* VertexShader.vsh */; };
		5D36566C247A27A3008EA766 /* YuvFullRange.fsv in Resources */ = {isa = PBXBuildFile; fileRef = 5D36566B247A27A3008EA766 /* YuvFullRange.fsv */; };
		5D4E33FE2471795F00D10C47 /* CXCameraInput.m in Sources */ = {isa = PBXBuildFile; fileRef = 5D4E33FD2471795F00D10C47 /* CXCameraInput.m */; };
		5DB53AC72472CE9000C97005 /* CXCaptureSessionManager.m in Sources */ = {isa = PBXBuildFile; fileRef = 5DB53AC62472CE9000C97005 /* CXCaptureSessionManager.m */; };
		5DD6275B24716AAE00C75AD1 /* AppDelegate.m in Sources */ = {isa = PBXBuildFile; fileRef = 5DD6275A24716AAE00C75AD1 /* AppDelegate.m */; };
		5DD6275E24716AAE00C75AD1 /* SceneDelegate.m in Sources */ = {isa = PBXBuildFile; fileRef = 5DD6275D24716AAE00C75AD1 /* SceneDelegate.m */; };
		5DD6276124716AAE00C75AD1 /* ViewController.m in Sources */ = {isa = PBXBuildFile; fileRef = 5DD6276024716AAE00C75AD1 /* ViewController.m */; };
		5DD6276424716AAE00C75AD1 /* Main.storyboard in Resources */ = {isa = PBXBuildFile; fileRef = 5DD6276224716AAE00C75AD1 /* Main.storyboard */; };
		5DD6276624716AB100C75AD1 /* Assets.xcassets in Resources */ = {isa = PBXBuildFile; fileRef = 5DD6276524716AB100C75AD1 /* Assets.xcassets */; };
		5DD6276924716AB100C75AD1 /* LaunchScreen.storyboard in Resources */ = {isa = PBXBuildFile; fileRef = 5DD6276724716AB100C75AD1 /* LaunchScreen.storyboard */; };
		5DD6276C24716AB100C75AD1 /* main.m in Sources */ = {isa = PBXBuildFile; fileRef = 5DD6276B24716AB100C75AD1 /* main.m */; };
		6532E7D824726E1D001DD9EA /* CXCameraOutput.m in Sources */ = {isa = PBXBuildFile; fileRef = 6532E7D724726E1D001DD9EA /* CXCameraOutput.m */; };
		AFC2D8C04E0A9F94FE763026 /* libPods-LiveAppDemo.a in Frameworks */ = {isa = PBXBuildFile; fileRef = E6F0E17922F91CBE585B2678 /* libPods-LiveAppDemo.a */; };
/* End PBXBuildFile section */

/* Begin PBXFileReference section */
		138B072B57BB68933C514B20 /* Pods-LiveAppDemo.release.xcconfig */ = {isa = PBXFileReference; includeInIndex = 1; lastKnownFileType = text.xcconfig; name = "Pods-LiveAppDemo.release.xcconfig"; path = "Target Support Files/Pods-LiveAppDemo/Pods-LiveAppDemo.release.xcconfig"; sourceTree = "<group>"; };
		5D365663247A054E008EA766 /* CCWVideoFilterAdapter.h */ = {isa = PBXFileReference; lastKnownFileType = sourcecode.c.h; path = CCWVideoFilterAdapter.h; sourceTree = "<group>"; };
		5D365664247A054E008EA766 /* CCWVideoFilterAdapter.mm */ = {isa = PBXFileReference; lastKnownFileType = sourcecode.cpp.objcpp; path = CCWVideoFilterAdapter.mm; sourceTree = "<group>"; };
		5D365666247A0772008EA766 /* CCWVideoSharedContext.h */ = {isa = PBXFileReference; lastKnownFileType = sourcecode.c.h; path = CCWVideoSharedContext.h; sourceTree = "<group>"; };
		5D365667247A0772008EA766 /* CCWVideoSharedContext.m */ = {isa = PBXFileReference; lastKnownFileType = sourcecode.c.objc; path = CCWVideoSharedContext.m; sourceTree = "<group>"; };
		5D365669247A2731008EA766 /* VertexShader.vsh */ = {isa = PBXFileReference; lastKnownFileType = sourcecode.glsl; path = VertexShader.vsh; sourceTree = "<group>"; };
		5D36566B247A27A3008EA766 /* YuvFullRange.fsv */ = {isa = PBXFileReference; lastKnownFileType = text; path = YuvFullRange.fsv; sourceTree = "<group>"; };
		5D4E33FC2471795F00D10C47 /* CXCameraInput.h */ = {isa = PBXFileReference; lastKnownFileType = sourcecode.c.h; path = CXCameraInput.h; sourceTree = "<group>"; };
		5D4E33FD2471795F00D10C47 /* CXCameraInput.m */ = {isa = PBXFileReference; lastKnownFileType = sourcecode.c.objc; path = CXCameraInput.m; sourceTree = "<group>"; };
		5DB53AC52472CE9000C97005 /* CXCaptureSessionManager.h */ = {isa = PBXFileReference; lastKnownFileType = sourcecode.c.h; path = CXCaptureSessionManager.h; sourceTree = "<group>"; };
		5DB53AC62472CE9000C97005 /* CXCaptureSessionManager.m */ = {isa = PBXFileReference; lastKnownFileType = sourcecode.c.objc; path = CXCaptureSessionManager.m; sourceTree = "<group>"; };
		5DD6275624716AAE00C75AD1 /* LiveAppDemo.app */ = {isa = PBXFileReference; explicitFileType = wrapper.application; includeInIndex = 0; path = LiveAppDemo.app; sourceTree = BUILT_PRODUCTS_DIR; };
		5DD6275924716AAE00C75AD1 /* AppDelegate.h */ = {isa = PBXFileReference; lastKnownFileType = sourcecode.c.h; path = AppDelegate.h; sourceTree = "<group>"; };
		5DD6275A24716AAE00C75AD1 /* AppDelegate.m */ = {isa = PBXFileReference; lastKnownFileType = sourcecode.c.objc; path = AppDelegate.m; sourceTree = "<group>"; };
		5DD6275C24716AAE00C75AD1 /* SceneDelegate.h */ = {isa = PBXFileReference; lastKnownFileType = sourcecode.c.h; path = SceneDelegate.h; sourceTree = "<group>"; };
		5DD6275D24716AAE00C75AD1 /* SceneDelegate.m */ = {isa = PBXFileReference; lastKnownFileType = sourcecode.c.objc; path = SceneDelegate.m; sourceTree = "<group>"; };
		5DD6275F24716AAE00C75AD1 /* ViewController.h */ = {isa = PBXFileReference; lastKnownFileType = sourcecode.c.h; path = ViewController.h; sourceTree = "<group>"; };
		5DD6276024716AAE00C75AD1 /* ViewController.m */ = {isa = PBXFileReference; lastKnownFileType = sourcecode.c.objc; path = ViewController.m; sourceTree = "<group>"; };
		5DD6276324716AAE00C75AD1 /* Base */ = {isa = PBXFileReference; lastKnownFileType = file.storyboard; name = Base; path = Base.lproj/Main.storyboard; sourceTree = "<group>"; };
		5DD6276524716AB100C75AD1 /* Assets.xcassets */ = {isa = PBXFileReference; lastKnownFileType = folder.assetcatalog; path = Assets.xcassets; sourceTree = "<group>"; };
		5DD6276824716AB100C75AD1 /* Base */ = {isa = PBXFileReference; lastKnownFileType = file.storyboard; name = Base; path = Base.lproj/LaunchScreen.storyboard; sourceTree = "<group>"; };
		5DD6276A24716AB100C75AD1 /* Info.plist */ = {isa = PBXFileReference; lastKnownFileType = text.plist.xml; path = Info.plist; sourceTree = "<group>"; };
		5DD6276B24716AB100C75AD1 /* main.m */ = {isa = PBXFileReference; lastKnownFileType = sourcecode.c.objc; path = main.m; sourceTree = "<group>"; };
		6532E7D524726179001DD9EA /* CXMacros.h */ = {isa = PBXFileReference; lastKnownFileType = sourcecode.c.h; path = CXMacros.h; sourceTree = "<group>"; };
		6532E7D624726E1D001DD9EA /* CXCameraOutput.h */ = {isa = PBXFileReference; lastKnownFileType = sourcecode.c.h; path = CXCameraOutput.h; sourceTree = "<group>"; };
		6532E7D724726E1D001DD9EA /* CXCameraOutput.m */ = {isa = PBXFileReference; lastKnownFileType = sourcecode.c.objc; path = CXCameraOutput.m; sourceTree = "<group>"; };
		D984F978D7737674F0183580 /* Pods-LiveAppDemo.debug.xcconfig */ = {isa = PBXFileReference; includeInIndex = 1; lastKnownFileType = text.xcconfig; name = "Pods-LiveAppDemo.debug.xcconfig"; path = "Target Support Files/Pods-LiveAppDemo/Pods-LiveAppDemo.debug.xcconfig"; sourceTree = "<group>"; };
		E6F0E17922F91CBE585B2678 /* libPods-LiveAppDemo.a */ = {isa = PBXFileReference; explicitFileType = archive.ar; includeInIndex = 0; path = "libPods-LiveAppDemo.a"; sourceTree = BUILT_PRODUCTS_DIR; };
/* End PBXFileReference section */

/* Begin PBXFrameworksBuildPhase section */
		5DD6275324716AAE00C75AD1 /* Frameworks */ = {
			isa = PBXFrameworksBuildPhase;
			buildActionMask = 2147483647;
			files = (
				AFC2D8C04E0A9F94FE763026 /* libPods-LiveAppDemo.a in Frameworks */,
			);
			runOnlyForDeploymentPostprocessing = 0;
		};
/* End PBXFrameworksBuildPhase section */

/* Begin PBXGroup section */
		1BE3E398BFD06E494ABD435F /* Pods */ = {
			isa = PBXGroup;
			children = (
				D984F978D7737674F0183580 /* Pods-LiveAppDemo.debug.xcconfig */,
				138B072B57BB68933C514B20 /* Pods-LiveAppDemo.release.xcconfig */,
			);
			path = Pods;
			sourceTree = "<group>";
		};
		575A9E7EA502CD049DC8A357 /* Frameworks */ = {
			isa = PBXGroup;
			children = (
				E6F0E17922F91CBE585B2678 /* libPods-LiveAppDemo.a */,
			);
			name = Frameworks;
			sourceTree = "<group>";
		};
		5D36566D247A2810008EA766 /* Shaders */ = {
			isa = PBXGroup;
			children = (
				5D365669247A2731008EA766 /* VertexShader.vsh */,
				5D36566B247A27A3008EA766 /* YuvFullRange.fsv */,
			);
			path = Shaders;
			sourceTree = "<group>";
		};
		5D4E33FF2471796800D10C47 /* Camera Capture */ = {
			isa = PBXGroup;
			children = (
				5D4E33FC2471795F00D10C47 /* CXCameraInput.h */,
				5D4E33FD2471795F00D10C47 /* CXCameraInput.m */,
				6532E7D624726E1D001DD9EA /* CXCameraOutput.h */,
				6532E7D724726E1D001DD9EA /* CXCameraOutput.m */,
				5DB53AC52472CE9000C97005 /* CXCaptureSessionManager.h */,
				5DB53AC62472CE9000C97005 /* CXCaptureSessionManager.m */,
			);
			path = "Camera Capture";
			sourceTree = "<group>";
		};
		5DD6274D24716AAE00C75AD1 = {
			isa = PBXGroup;
			children = (
				5DD6275824716AAE00C75AD1 /* LiveAppDemo */,
				5DD6275724716AAE00C75AD1 /* Products */,
				1BE3E398BFD06E494ABD435F /* Pods */,
				575A9E7EA502CD049DC8A357 /* Frameworks */,
			);
			sourceTree = "<group>";
		};
		5DD6275724716AAE00C75AD1 /* Products */ = {
			isa = PBXGroup;
			children = (
				5DD6275624716AAE00C75AD1 /* LiveAppDemo.app */,
			);
			name = Products;
			sourceTree = "<group>";
		};
		5DD6275824716AAE00C75AD1 /* LiveAppDemo */ = {
			isa = PBXGroup;
			children = (
				5DD6275924716AAE00C75AD1 /* AppDelegate.h */,
				5DD6275A24716AAE00C75AD1 /* AppDelegate.m */,
				5DD6275C24716AAE00C75AD1 /* SceneDelegate.h */,
				5DD6275D24716AAE00C75AD1 /* SceneDelegate.m */,
				5DD6275F24716AAE00C75AD1 /* ViewController.h */,
				5DD6276024716AAE00C75AD1 /* ViewController.m */,
				5DD6276224716AAE00C75AD1 /* Main.storyboard */,
				5DD6276524716AB100C75AD1 /* Assets.xcassets */,
				5DD6276724716AB100C75AD1 /* LaunchScreen.storyboard */,
				5DD6276A24716AB100C75AD1 /* Info.plist */,
				5DD6276B24716AB100C75AD1 /* main.m */,
				6532E7D524726179001DD9EA /* CXMacros.h */,
				5D4E33FF2471796800D10C47 /* Camera Capture */,
				5D365663247A054E008EA766 /* CCWVideoFilterAdapter.h */,
				5D365664247A054E008EA766 /* CCWVideoFilterAdapter.mm */,
				5D36566D247A2810008EA766 /* Shaders */,
				5D365666247A0772008EA766 /* CCWVideoSharedContext.h */,
				5D365667247A0772008EA766 /* CCWVideoSharedContext.m */,
			);
			path = LiveAppDemo;
			sourceTree = "<group>";
		};
/* End PBXGroup section */

/* Begin PBXNativeTarget section */
		5DD6275524716AAE00C75AD1 /* LiveAppDemo */ = {
			isa = PBXNativeTarget;
			buildConfigurationList = 5DD6276F24716AB100C75AD1 /* Build configuration list for PBXNativeTarget "LiveAppDemo" */;
			buildPhases = (
				1B97A4C35C88C4BA876041AB /* [CP] Check Pods Manifest.lock */,
				5DD6275224716AAE00C75AD1 /* Sources */,
				5DD6275324716AAE00C75AD1 /* Frameworks */,
				5DD6275424716AAE00C75AD1 /* Resources */,
				7983FE16801B4F24A20C9238 /* [CP] Copy Pods Resources */,
			);
			buildRules = (
			);
			dependencies = (
			);
			name = LiveAppDemo;
			productName = LiveAppDemo;
			productReference = 5DD6275624716AAE00C75AD1 /* LiveAppDemo.app */;
			productType = "com.apple.product-type.application";
		};
/* End PBXNativeTarget section */

/* Begin PBXProject section */
		5DD6274E24716AAE00C75AD1 /* Project object */ = {
			isa = PBXProject;
			attributes = {
				LastUpgradeCheck = 1130;
				ORGANIZATIONNAME = com.kwai;
				TargetAttributes = {
					5DD6275524716AAE00C75AD1 = {
						CreatedOnToolsVersion = 11.3.1;
					};
				};
			};
			buildConfigurationList = 5DD6275124716AAE00C75AD1 /* Build configuration list for PBXProject "LiveAppDemo" */;
			compatibilityVersion = "Xcode 9.3";
			developmentRegion = en;
			hasScannedForEncodings = 0;
			knownRegions = (
				en,
				Base,
			);
			mainGroup = 5DD6274D24716AAE00C75AD1;
			productRefGroup = 5DD6275724716AAE00C75AD1 /* Products */;
			projectDirPath = "";
			projectRoot = "";
			targets = (
				5DD6275524716AAE00C75AD1 /* LiveAppDemo */,
			);
		};
/* End PBXProject section */

/* Begin PBXResourcesBuildPhase section */
		5DD6275424716AAE00C75AD1 /* Resources */ = {
			isa = PBXResourcesBuildPhase;
			buildActionMask = 2147483647;
			files = (
				5DD6276924716AB100C75AD1 /* LaunchScreen.storyboard in Resources */,
				5D36566A247A2731008EA766 /* VertexShader.vsh in Resources */,
				5D36566C247A27A3008EA766 /* YuvFullRange.fsv in Resources */,
				5DD6276624716AB100C75AD1 /* Assets.xcassets in Resources */,
				5DD6276424716AAE00C75AD1 /* Main.storyboard in Resources */,
			);
			runOnlyForDeploymentPostprocessing = 0;
		};
/* End PBXResourcesBuildPhase section */

/* Begin PBXShellScriptBuildPhase section */
		1B97A4C35C88C4BA876041AB /* [CP] Check Pods Manifest.lock */ = {
			isa = PBXShellScriptBuildPhase;
			buildActionMask = 2147483647;
			files = (
			);
			inputFileListPaths = (
			);
			inputPaths = (
				"${PODS_PODFILE_DIR_PATH}/Podfile.lock",
				"${PODS_ROOT}/Manifest.lock",
			);
			name = "[CP] Check Pods Manifest.lock";
			outputFileListPaths = (
			);
			outputPaths = (
				"$(DERIVED_FILE_DIR)/Pods-LiveAppDemo-checkManifestLockResult.txt",
			);
			runOnlyForDeploymentPostprocessing = 0;
			shellPath = /bin/sh;
			shellScript = "diff \"${PODS_PODFILE_DIR_PATH}/Podfile.lock\" \"${PODS_ROOT}/Manifest.lock\" > /dev/null\nif [ $? != 0 ] ; then\n    # print error to STDERR\n    echo \"error: The sandbox is not in sync with the Podfile.lock. Run 'pod install' or update your CocoaPods installation.\" >&2\n    exit 1\nfi\n# This output is used by Xcode 'outputs' to avoid re-running this script phase.\necho \"SUCCESS\" > \"${SCRIPT_OUTPUT_FILE_0}\"\n";
			showEnvVarsInLog = 0;
		};
		7983FE16801B4F24A20C9238 /* [CP] Copy Pods Resources */ = {
			isa = PBXShellScriptBuildPhase;
			buildActionMask = 2147483647;
			files = (
			);
			inputFileListPaths = (
				"${PODS_ROOT}/Target Support Files/Pods-LiveAppDemo/Pods-LiveAppDemo-resources-${CONFIGURATION}-input-files.xcfilelist",
			);
			name = "[CP] Copy Pods Resources";
			outputFileListPaths = (
				"${PODS_ROOT}/Target Support Files/Pods-LiveAppDemo/Pods-LiveAppDemo-resources-${CONFIGURATION}-output-files.xcfilelist",
			);
			runOnlyForDeploymentPostprocessing = 0;
			shellPath = /bin/sh;
			shellScript = "\"${PODS_ROOT}/Target Support Files/Pods-LiveAppDemo/Pods-LiveAppDemo-resources.sh\"\n";
			showEnvVarsInLog = 0;
		};
/* End PBXShellScriptBuildPhase section */

/* Begin PBXSourcesBuildPhase section */
		5DD6275224716AAE00C75AD1 /* Sources */ = {
			isa = PBXSourcesBuildPhase;
			buildActionMask = 2147483647;
			files = (
				6532E7D824726E1D001DD9EA /* CXCameraOutput.m in Sources */,
				5DD6276124716AAE00C75AD1 /* ViewController.m in Sources */,
				5D4E33FE2471795F00D10C47 /* CXCameraInput.m in Sources */,
				5DD6275B24716AAE00C75AD1 /* AppDelegate.m in Sources */,
				5D365668247A0772008EA766 /* CCWVideoSharedContext.m in Sources */,
				5DD6276C24716AB100C75AD1 /* main.m in Sources */,
				5D365665247A054E008EA766 /* CCWVideoFilterAdapter.mm in Sources */,
				5DD6275E24716AAE00C75AD1 /* SceneDelegate.m in Sources */,
				5DB53AC72472CE9000C97005 /* CXCaptureSessionManager.m in Sources */,
			);
			runOnlyForDeploymentPostprocessing = 0;
		};
/* End PBXSourcesBuildPhase section */

/* Begin PBXVariantGroup section */
		5DD6276224716AAE00C75AD1 /* Main.storyboard */ = {
			isa = PBXVariantGroup;
			children = (
				5DD6276324716AAE00C75AD1 /* Base */,
			);
			name = Main.storyboard;
			sourceTree = "<group>";
		};
		5DD6276724716AB100C75AD1 /* LaunchScreen.storyboard */ = {
			isa = PBXVariantGroup;
			children = (
				5DD6276824716AB100C75AD1 /* Base */,
			);
			name = LaunchScreen.storyboard;
			sourceTree = "<group>";
		};
/* End PBXVariantGroup section */

/* Begin XCBuildConfiguration section */
		5DD6276D24716AB100C75AD1 /* Debug */ = {
			isa = XCBuildConfiguration;
			buildSettings = {
				ALWAYS_SEARCH_USER_PATHS = NO;
				CLANG_ANALYZER_NONNULL = YES;
				CLANG_ANALYZER_NUMBER_OBJECT_CONVERSION = YES_AGGRESSIVE;
				CLANG_CXX_LANGUAGE_STANDARD = "gnu++14";
				CLANG_CXX_LIBRARY = "libc++";
				CLANG_ENABLE_MODULES = YES;
				CLANG_ENABLE_OBJC_ARC = YES;
				CLANG_ENABLE_OBJC_WEAK = YES;
				CLANG_WARN_BLOCK_CAPTURE_AUTORELEASING = YES;
				CLANG_WARN_BOOL_CONVERSION = YES;
				CLANG_WARN_COMMA = YES;
				CLANG_WARN_CONSTANT_CONVERSION = YES;
				CLANG_WARN_DEPRECATED_OBJC_IMPLEMENTATIONS = YES;
				CLANG_WARN_DIRECT_OBJC_ISA_USAGE = YES_ERROR;
				CLANG_WARN_DOCUMENTATION_COMMENTS = YES;
				CLANG_WARN_EMPTY_BODY = YES;
				CLANG_WARN_ENUM_CONVERSION = YES;
				CLANG_WARN_INFINITE_RECURSION = YES;
				CLANG_WARN_INT_CONVERSION = YES;
				CLANG_WARN_NON_LITERAL_NULL_CONVERSION = YES;
				CLANG_WARN_OBJC_IMPLICIT_RETAIN_SELF = YES;
				CLANG_WARN_OBJC_LITERAL_CONVERSION = YES;
				CLANG_WARN_OBJC_ROOT_CLASS = YES_ERROR;
				CLANG_WARN_RANGE_LOOP_ANALYSIS = YES;
				CLANG_WARN_STRICT_PROTOTYPES = YES;
				CLANG_WARN_SUSPICIOUS_MOVE = YES;
				CLANG_WARN_UNGUARDED_AVAILABILITY = YES_AGGRESSIVE;
				CLANG_WARN_UNREACHABLE_CODE = YES;
				CLANG_WARN__DUPLICATE_METHOD_MATCH = YES;
				COPY_PHASE_STRIP = NO;
				DEBUG_INFORMATION_FORMAT = dwarf;
				ENABLE_STRICT_OBJC_MSGSEND = YES;
				ENABLE_TESTABILITY = YES;
				GCC_C_LANGUAGE_STANDARD = gnu11;
				GCC_DYNAMIC_NO_PIC = NO;
				GCC_NO_COMMON_BLOCKS = YES;
				GCC_OPTIMIZATION_LEVEL = 0;
				GCC_PREPROCESSOR_DEFINITIONS = (
					"DEBUG=1",
					"$(inherited)",
				);
				GCC_WARN_64_TO_32_BIT_CONVERSION = YES;
				GCC_WARN_ABOUT_RETURN_TYPE = YES_ERROR;
				GCC_WARN_UNDECLARED_SELECTOR = YES;
				GCC_WARN_UNINITIALIZED_AUTOS = YES_AGGRESSIVE;
				GCC_WARN_UNUSED_FUNCTION = YES;
				GCC_WARN_UNUSED_VARIABLE = YES;
				IPHONEOS_DEPLOYMENT_TARGET = 9.0;
				MTL_ENABLE_DEBUG_INFO = INCLUDE_SOURCE;
				MTL_FAST_MATH = YES;
				ONLY_ACTIVE_ARCH = YES;
				SDKROOT = iphoneos;
			};
			name = Debug;
		};
		5DD6276E24716AB100C75AD1 /* Release */ = {
			isa = XCBuildConfiguration;
			buildSettings = {
				ALWAYS_SEARCH_USER_PATHS = NO;
				CLANG_ANALYZER_NONNULL = YES;
				CLANG_ANALYZER_NUMBER_OBJECT_CONVERSION = YES_AGGRESSIVE;
				CLANG_CXX_LANGUAGE_STANDARD = "gnu++14";
				CLANG_CXX_LIBRARY = "libc++";
				CLANG_ENABLE_MODULES = YES;
				CLANG_ENABLE_OBJC_ARC = YES;
				CLANG_ENABLE_OBJC_WEAK = YES;
				CLANG_WARN_BLOCK_CAPTURE_AUTORELEASING = YES;
				CLANG_WARN_BOOL_CONVERSION = YES;
				CLANG_WARN_COMMA = YES;
				CLANG_WARN_CONSTANT_CONVERSION = YES;
				CLANG_WARN_DEPRECATED_OBJC_IMPLEMENTATIONS = YES;
				CLANG_WARN_DIRECT_OBJC_ISA_USAGE = YES_ERROR;
				CLANG_WARN_DOCUMENTATION_COMMENTS = YES;
				CLANG_WARN_EMPTY_BODY = YES;
				CLANG_WARN_ENUM_CONVERSION = YES;
				CLANG_WARN_INFINITE_RECURSION = YES;
				CLANG_WARN_INT_CONVERSION = YES;
				CLANG_WARN_NON_LITERAL_NULL_CONVERSION = YES;
				CLANG_WARN_OBJC_IMPLICIT_RETAIN_SELF = YES;
				CLANG_WARN_OBJC_LITERAL_CONVERSION = YES;
				CLANG_WARN_OBJC_ROOT_CLASS = YES_ERROR;
				CLANG_WARN_RANGE_LOOP_ANALYSIS = YES;
				CLANG_WARN_STRICT_PROTOTYPES = YES;
				CLANG_WARN_SUSPICIOUS_MOVE = YES;
				CLANG_WARN_UNGUARDED_AVAILABILITY = YES_AGGRESSIVE;
				CLANG_WARN_UNREACHABLE_CODE = YES;
				CLANG_WARN__DUPLICATE_METHOD_MATCH = YES;
				COPY_PHASE_STRIP = NO;
				DEBUG_INFORMATION_FORMAT = "dwarf-with-dsym";
				ENABLE_NS_ASSERTIONS = NO;
				ENABLE_STRICT_OBJC_MSGSEND = YES;
				GCC_C_LANGUAGE_STANDARD = gnu11;
				GCC_NO_COMMON_BLOCKS = YES;
				GCC_WARN_64_TO_32_BIT_CONVERSION = YES;
				GCC_WARN_ABOUT_RETURN_TYPE = YES_ERROR;
				GCC_WARN_UNDECLARED_SELECTOR = YES;
				GCC_WARN_UNINITIALIZED_AUTOS = YES_AGGRESSIVE;
				GCC_WARN_UNUSED_FUNCTION = YES;
				GCC_WARN_UNUSED_VARIABLE = YES;
				IPHONEOS_DEPLOYMENT_TARGET = 9.0;
				MTL_ENABLE_DEBUG_INFO = NO;
				MTL_FAST_MATH = YES;
				SDKROOT = iphoneos;
				VALIDATE_PRODUCT = YES;
			};
			name = Release;
		};
		5DD6277024716AB100C75AD1 /* Debug */ = {
			isa = XCBuildConfiguration;
			baseConfigurationReference = D984F978D7737674F0183580 /* Pods-LiveAppDemo.debug.xcconfig */;
			buildSettings = {
				ASSETCATALOG_COMPILER_APPICON_NAME = AppIcon;
				CODE_SIGN_STYLE = Automatic;
				DEVELOPMENT_TEAM = FC99DXGWE9;
				INFOPLIST_FILE = LiveAppDemo/Info.plist;
				LD_RUNPATH_SEARCH_PATHS = (
					"$(inherited)",
					"@executable_path/Frameworks",
				);
				PRODUCT_BUNDLE_IDENTIFIER = com.LiveDemo.LiveAppDemo;
				PRODUCT_NAME = "$(TARGET_NAME)";
				TARGETED_DEVICE_FAMILY = "1,2";
			};
			name = Debug;
		};
		5DD6277124716AB100C75AD1 /* Release */ = {
			isa = XCBuildConfiguration;
			baseConfigurationReference = 138B072B57BB68933C514B20 /* Pods-LiveAppDemo.release.xcconfig */;
			buildSettings = {
				ASSETCATALOG_COMPILER_APPICON_NAME = AppIcon;
				CODE_SIGN_STYLE = Automatic;
				DEVELOPMENT_TEAM = FC99DXGWE9;
				INFOPLIST_FILE = LiveAppDemo/Info.plist;
				LD_RUNPATH_SEARCH_PATHS = (
					"$(inherited)",
					"@executable_path/Frameworks",
				);
				PRODUCT_BUNDLE_IDENTIFIER = com.LiveDemo.LiveAppDemo;
				PRODUCT_NAME = "$(TARGET_NAME)";
				TARGETED_DEVICE_FAMILY = "1,2";
			};
			name = Release;
		};
/* End XCBuildConfiguration section */

/* Begin XCConfigurationList section */
		5DD6275124716AAE00C75AD1 /* Build configuration list for PBXProject "LiveAppDemo" */ = {
			isa = XCConfigurationList;
			buildConfigurations = (
				5DD6276D24716AB100C75AD1 /* Debug */,
				5DD6276E24716AB100C75AD1 /* Release */,
			);
			defaultConfigurationIsVisible = 0;
			defaultConfigurationName = Release;
		};
		5DD6276F24716AB100C75AD1 /* Build configuration list for PBXNativeTarget "LiveAppDemo" */ = {
			isa = XCConfigurationList;
			buildConfigurations = (
				5DD6277024716AB100C75AD1 /* Debug */,
				5DD6277124716AB100C75AD1 /* Release */,
			);
			defaultConfigurationIsVisible = 0;
			defaultConfigurationName = Release;
		};
/* End XCConfigurationList section */
	};
	rootObject = 5DD6274E24716AAE00C75AD1 /* Project object */;
}
